
Microsoft Visual Studio Solution File, Format Version 12.00
# Visual Studio 2012
Project("{FAE04EC0-301F-11D3-BF4B-00C04F79EFBC}") = "LifeUniversEverything", "LifeUniversEverything\LifeUniversEverything.csproj", "{E3494374-2873-41FA-97F8-63B47D43226A}"
EndProject
Global
	GlobalSection(SolutionConfigurationPlatforms) = preSolution
		Debug|x86 = Debug|x86
		Release|x86 = Release|x86
	EndGlobalSection
	GlobalSection(ProjectConfigurationPlatforms) = postSolution
		{E3494374-2873-41FA-97F8-63B47D43226A}.Debug|x86.ActiveCfg = Debug|x86
		{E3494374-2873-41FA-97F8-63B47D43226A}.Debug|x86.Build.0 = Debug|x86
		{E3494374-2873-41FA-97F8-63B47D43226A}.Release|x86.ActiveCfg = Release|x86
		{E3494374-2873-41FA-97F8-63B47D43226A}.Release|x86.Build.0 = Release|x86
	EndGlobalSection
EndGlobal
